// !$*UTF8*$!
{
	archiveVersion = 1;
	classes = {
	};
	objectVersion = 46;
	objects = {

/* Begin PBXBuildFile section */
		1E2FD71BF7B6A8188F19883C /* Pods_WunderfullTests.framework in Frameworks */ = {isa = PBXBuildFile; fileRef = 6B30219CA1F76DDC84FE3A84 /* Pods_WunderfullTests.framework */; };
		7CEB15AA462AE157E9865593 /* Pods_Wunderfull.framework in Frameworks */ = {isa = PBXBuildFile; fileRef = 2E18B485C0DF43322A6102C6 /* Pods_Wunderfull.framework */; };
		A0E5A21B1DE8E93300ADD9C5 /* AppDelegate.swift in Sources */ = {isa = PBXBuildFile; fileRef = A0E5A21A1DE8E93300ADD9C5 /* AppDelegate.swift */; };
		A0E5A2201DE8E93300ADD9C5 /* Main.storyboard in Resources */ = {isa = PBXBuildFile; fileRef = A0E5A21E1DE8E93300ADD9C5 /* Main.storyboard */; };
		A0E5A2221DE8E93300ADD9C5 /* Assets.xcassets in Resources */ = {isa = PBXBuildFile; fileRef = A0E5A2211DE8E93300ADD9C5 /* Assets.xcassets */; };
		A0E5A2251DE8E93300ADD9C5 /* LaunchScreen.storyboard in Resources */ = {isa = PBXBuildFile; fileRef = A0E5A2231DE8E93300ADD9C5 /* LaunchScreen.storyboard */; };
		A0E5A2301DE8E93300ADD9C5 /* LocationModelTest.swift in Sources */ = {isa = PBXBuildFile; fileRef = A0E5A22F1DE8E93300ADD9C5 /* LocationModelTest.swift */; };
		A0E5A2401DE8EF4400ADD9C5 /* TabViewController.swift in Sources */ = {isa = PBXBuildFile; fileRef = A0E5A23F1DE8EF4400ADD9C5 /* TabViewController.swift */; };
		A0E5A2421DE8FC0200ADD9C5 /* TabViewBuilder.swift in Sources */ = {isa = PBXBuildFile; fileRef = A0E5A2411DE8FC0200ADD9C5 /* TabViewBuilder.swift */; };
		A0E5A2441DE9034C00ADD9C5 /* RealmStore.swift in Sources */ = {isa = PBXBuildFile; fileRef = A0E5A2431DE9034C00ADD9C5 /* RealmStore.swift */; };
		A0E5A2461DE903D600ADD9C5 /* Location.swift in Sources */ = {isa = PBXBuildFile; fileRef = A0E5A2451DE903D600ADD9C5 /* Location.swift */; };
		A0E5A2481DE9058500ADD9C5 /* Coordinates.swift in Sources */ = {isa = PBXBuildFile; fileRef = A0E5A2471DE9058500ADD9C5 /* Coordinates.swift */; };
		A0E5A24A1DE905B500ADD9C5 /* WunderAPI.swift in Sources */ = {isa = PBXBuildFile; fileRef = A0E5A2491DE905B500ADD9C5 /* WunderAPI.swift */; };
		A0E5A24C1DE9068F00ADD9C5 /* LocationListViewController.swift in Sources */ = {isa = PBXBuildFile; fileRef = A0E5A24B1DE9068F00ADD9C5 /* LocationListViewController.swift */; };
		A0E5A24E1DE916A900ADD9C5 /* LocationListTableViewCell.swift in Sources */ = {isa = PBXBuildFile; fileRef = A0E5A24D1DE916A900ADD9C5 /* LocationListTableViewCell.swift */; };
		A0E5A2501DE91B0500ADD9C5 /* LocationMapViewController.swift in Sources */ = {isa = PBXBuildFile; fileRef = A0E5A24F1DE91B0500ADD9C5 /* LocationMapViewController.swift */; };
/* End PBXBuildFile section */

/* Begin PBXContainerItemProxy section */
		A0E5A22C1DE8E93300ADD9C5 /* PBXContainerItemProxy */ = {
			isa = PBXContainerItemProxy;
			containerPortal = A0E5A20F1DE8E93300ADD9C5 /* Project object */;
			proxyType = 1;
			remoteGlobalIDString = A0E5A2161DE8E93300ADD9C5;
			remoteInfo = Wunderfull;
		};
/* End PBXContainerItemProxy section */

/* Begin PBXFileReference section */
		2E18B485C0DF43322A6102C6 /* Pods_Wunderfull.framework */ = {isa = PBXFileReference; explicitFileType = wrapper.framework; includeInIndex = 0; path = Pods_Wunderfull.framework; sourceTree = BUILT_PRODUCTS_DIR; };
		3B4C053E2D0B45726AD9723F /* Pods-Wunderfull.release.xcconfig */ = {isa = PBXFileReference; includeInIndex = 1; lastKnownFileType = text.xcconfig; name = "Pods-Wunderfull.release.xcconfig"; path = "Pods/Target Support Files/Pods-Wunderfull/Pods-Wunderfull.release.xcconfig"; sourceTree = "<group>"; };
		55202F898D8843763E9F6DE2 /* Pods-WunderfullTests.release.xcconfig */ = {isa = PBXFileReference; includeInIndex = 1; lastKnownFileType = text.xcconfig; name = "Pods-WunderfullTests.release.xcconfig"; path = "Pods/Target Support Files/Pods-WunderfullTests/Pods-WunderfullTests.release.xcconfig"; sourceTree = "<group>"; };
		6B30219CA1F76DDC84FE3A84 /* Pods_WunderfullTests.framework */ = {isa = PBXFileReference; explicitFileType = wrapper.framework; includeInIndex = 0; path = Pods_WunderfullTests.framework; sourceTree = BUILT_PRODUCTS_DIR; };
		924CB25409AB96B145E7F70E /* Pods-Wunderfull.debug.xcconfig */ = {isa = PBXFileReference; includeInIndex = 1; lastKnownFileType = text.xcconfig; name = "Pods-Wunderfull.debug.xcconfig"; path = "Pods/Target Support Files/Pods-Wunderfull/Pods-Wunderfull.debug.xcconfig"; sourceTree = "<group>"; };
		9C6FAF66C9E18E761A452817 /* Pods-WunderfullTests.debug.xcconfig */ = {isa = PBXFileReference; includeInIndex = 1; lastKnownFileType = text.xcconfig; name = "Pods-WunderfullTests.debug.xcconfig"; path = "Pods/Target Support Files/Pods-WunderfullTests/Pods-WunderfullTests.debug.xcconfig"; sourceTree = "<group>"; };
		A0E5A2171DE8E93300ADD9C5 /* Wunderfull.app */ = {isa = PBXFileReference; explicitFileType = wrapper.application; includeInIndex = 0; path = Wunderfull.app; sourceTree = BUILT_PRODUCTS_DIR; };
		A0E5A21A1DE8E93300ADD9C5 /* AppDelegate.swift */ = {isa = PBXFileReference; lastKnownFileType = sourcecode.swift; path = AppDelegate.swift; sourceTree = "<group>"; };
		A0E5A21F1DE8E93300ADD9C5 /* Base */ = {isa = PBXFileReference; lastKnownFileType = file.storyboard; name = Base; path = Base.lproj/Main.storyboard; sourceTree = "<group>"; };
		A0E5A2211DE8E93300ADD9C5 /* Assets.xcassets */ = {isa = PBXFileReference; lastKnownFileType = folder.assetcatalog; path = Assets.xcassets; sourceTree = "<group>"; };
		A0E5A2241DE8E93300ADD9C5 /* Base */ = {isa = PBXFileReference; lastKnownFileType = file.storyboard; name = Base; path = Base.lproj/LaunchScreen.storyboard; sourceTree = "<group>"; };
		A0E5A2261DE8E93300ADD9C5 /* Info.plist */ = {isa = PBXFileReference; lastKnownFileType = text.plist.xml; path = Info.plist; sourceTree = "<group>"; };
		A0E5A22B1DE8E93300ADD9C5 /* WunderfullTests.xctest */ = {isa = PBXFileReference; explicitFileType = wrapper.cfbundle; includeInIndex = 0; path = WunderfullTests.xctest; sourceTree = BUILT_PRODUCTS_DIR; };
		A0E5A22F1DE8E93300ADD9C5 /* LocationModelTest.swift */ = {isa = PBXFileReference; lastKnownFileType = sourcecode.swift; path = LocationModelTest.swift; sourceTree = "<group>"; };
		A0E5A2311DE8E93300ADD9C5 /* Info.plist */ = {isa = PBXFileReference; lastKnownFileType = text.plist.xml; path = Info.plist; sourceTree = "<group>"; };
		A0E5A23A1DE8E98500ADD9C5 /* Wunderfull-Bridging-Header.h */ = {isa = PBXFileReference; lastKnownFileType = sourcecode.c.h; path = "Wunderfull-Bridging-Header.h"; sourceTree = "<group>"; };
		A0E5A23E1DE8E9CB00ADD9C5 /* README.md */ = {isa = PBXFileReference; lastKnownFileType = net.daringfireball.markdown; path = README.md; sourceTree = "<group>"; };
		A0E5A23F1DE8EF4400ADD9C5 /* TabViewController.swift */ = {isa = PBXFileReference; fileEncoding = 4; lastKnownFileType = sourcecode.swift; path = TabViewController.swift; sourceTree = "<group>"; };
		A0E5A2411DE8FC0200ADD9C5 /* TabViewBuilder.swift */ = {isa = PBXFileReference; fileEncoding = 4; lastKnownFileType = sourcecode.swift; path = TabViewBuilder.swift; sourceTree = "<group>"; };
		A0E5A2431DE9034C00ADD9C5 /* RealmStore.swift */ = {isa = PBXFileReference; fileEncoding = 4; lastKnownFileType = sourcecode.swift; path = RealmStore.swift; sourceTree = "<group>"; };
		A0E5A2451DE903D600ADD9C5 /* Location.swift */ = {isa = PBXFileReference; fileEncoding = 4; lastKnownFileType = sourcecode.swift; path = Location.swift; sourceTree = "<group>"; };
		A0E5A2471DE9058500ADD9C5 /* Coordinates.swift */ = {isa = PBXFileReference; fileEncoding = 4; lastKnownFileType = sourcecode.swift; path = Coordinates.swift; sourceTree = "<group>"; };
		A0E5A2491DE905B500ADD9C5 /* WunderAPI.swift */ = {isa = PBXFileReference; fileEncoding = 4; lastKnownFileType = sourcecode.swift; path = WunderAPI.swift; sourceTree = "<group>"; };
		A0E5A24B1DE9068F00ADD9C5 /* LocationListViewController.swift */ = {isa = PBXFileReference; fileEncoding = 4; lastKnownFileType = sourcecode.swift; path = LocationListViewController.swift; sourceTree = "<group>"; };
		A0E5A24D1DE916A900ADD9C5 /* LocationListTableViewCell.swift */ = {isa = PBXFileReference; fileEncoding = 4; lastKnownFileType = sourcecode.swift; path = LocationListTableViewCell.swift; sourceTree = "<group>"; };
		A0E5A24F1DE91B0500ADD9C5 /* LocationMapViewController.swift */ = {isa = PBXFileReference; fileEncoding = 4; lastKnownFileType = sourcecode.swift; path = LocationMapViewController.swift; sourceTree = "<group>"; };
/* End PBXFileReference section */

/* Begin PBXFrameworksBuildPhase section */
		A0E5A2141DE8E93300ADD9C5 /* Frameworks */ = {
			isa = PBXFrameworksBuildPhase;
			buildActionMask = 2147483647;
			files = (
				7CEB15AA462AE157E9865593 /* Pods_Wunderfull.framework in Frameworks */,
			);
			runOnlyForDeploymentPostprocessing = 0;
		};
		A0E5A2281DE8E93300ADD9C5 /* Frameworks */ = {
			isa = PBXFrameworksBuildPhase;
			buildActionMask = 2147483647;
			files = (
				1E2FD71BF7B6A8188F19883C /* Pods_WunderfullTests.framework in Frameworks */,
			);
			runOnlyForDeploymentPostprocessing = 0;
		};
/* End PBXFrameworksBuildPhase section */

/* Begin PBXGroup section */
		8B801858B113409C919961C0 /* Pods */ = {
			isa = PBXGroup;
			children = (
				924CB25409AB96B145E7F70E /* Pods-Wunderfull.debug.xcconfig */,
				3B4C053E2D0B45726AD9723F /* Pods-Wunderfull.release.xcconfig */,
				9C6FAF66C9E18E761A452817 /* Pods-WunderfullTests.debug.xcconfig */,
				55202F898D8843763E9F6DE2 /* Pods-WunderfullTests.release.xcconfig */,
			);
			name = Pods;
			sourceTree = "<group>";
		};
		A0E5A20E1DE8E93300ADD9C5 = {
			isa = PBXGroup;
			children = (
				A0E5A23E1DE8E9CB00ADD9C5 /* README.md */,
				A0E5A2191DE8E93300ADD9C5 /* Wunderfull */,
				A0E5A22E1DE8E93300ADD9C5 /* WunderfullTests */,
				A0E5A2181DE8E93300ADD9C5 /* Products */,
				8B801858B113409C919961C0 /* Pods */,
				BFCCD263A76C38B755A7604B /* Frameworks */,
			);
			sourceTree = "<group>";
		};
		A0E5A2181DE8E93300ADD9C5 /* Products */ = {
			isa = PBXGroup;
			children = (
				A0E5A2171DE8E93300ADD9C5 /* Wunderfull.app */,
				A0E5A22B1DE8E93300ADD9C5 /* WunderfullTests.xctest */,
			);
			name = Products;
			sourceTree = "<group>";
		};
		A0E5A2191DE8E93300ADD9C5 /* Wunderfull */ = {
			isa = PBXGroup;
			children = (
				A0E5A23A1DE8E98500ADD9C5 /* Wunderfull-Bridging-Header.h */,
				A0E5A21A1DE8E93300ADD9C5 /* AppDelegate.swift */,
				A0E5A2431DE9034C00ADD9C5 /* RealmStore.swift */,
				A0E5A2491DE905B500ADD9C5 /* WunderAPI.swift */,
				A0E5A2451DE903D600ADD9C5 /* Location.swift */,
				A0E5A2471DE9058500ADD9C5 /* Coordinates.swift */,
				A0E5A23F1DE8EF4400ADD9C5 /* TabViewController.swift */,
				A0E5A24B1DE9068F00ADD9C5 /* LocationListViewController.swift */,
				A0E5A24D1DE916A900ADD9C5 /* LocationListTableViewCell.swift */,
				A0E5A24F1DE91B0500ADD9C5 /* LocationMapViewController.swift */,
				A0E5A2411DE8FC0200ADD9C5 /* TabViewBuilder.swift */,
				A0E5A21E1DE8E93300ADD9C5 /* Main.storyboard */,
				A0E5A2211DE8E93300ADD9C5 /* Assets.xcassets */,
				A0E5A2231DE8E93300ADD9C5 /* LaunchScreen.storyboard */,
				A0E5A2261DE8E93300ADD9C5 /* Info.plist */,
			);
			path = Wunderfull;
			sourceTree = "<group>";
		};
		A0E5A22E1DE8E93300ADD9C5 /* WunderfullTests */ = {
			isa = PBXGroup;
			children = (
				A0E5A22F1DE8E93300ADD9C5 /* LocationModelTest.swift */,
				A0E5A2311DE8E93300ADD9C5 /* Info.plist */,
			);
			path = WunderfullTests;
			sourceTree = "<group>";
		};
		BFCCD263A76C38B755A7604B /* Frameworks */ = {
			isa = PBXGroup;
			children = (
				2E18B485C0DF43322A6102C6 /* Pods_Wunderfull.framework */,
				6B30219CA1F76DDC84FE3A84 /* Pods_WunderfullTests.framework */,
			);
			name = Frameworks;
			sourceTree = "<group>";
		};
/* End PBXGroup section */

/* Begin PBXNativeTarget section */
		A0E5A2161DE8E93300ADD9C5 /* Wunderfull */ = {
			isa = PBXNativeTarget;
			buildConfigurationList = A0E5A2341DE8E93300ADD9C5 /* Build configuration list for PBXNativeTarget "Wunderfull" */;
			buildPhases = (
				3343CDFC393F487A2B2BC817 /* [CP] Check Pods Manifest.lock */,
				A0E5A2131DE8E93300ADD9C5 /* Sources */,
				A0E5A2141DE8E93300ADD9C5 /* Frameworks */,
				A0E5A2151DE8E93300ADD9C5 /* Resources */,
				70AD9DE42F4DA89AC26B48A3 /* [CP] Embed Pods Frameworks */,
				3267C8255AC8819158160D17 /* [CP] Copy Pods Resources */,
			);
			buildRules = (
			);
			dependencies = (
			);
			name = Wunderfull;
			productName = Wunderfull;
			productReference = A0E5A2171DE8E93300ADD9C5 /* Wunderfull.app */;
			productType = "com.apple.product-type.application";
		};
		A0E5A22A1DE8E93300ADD9C5 /* WunderfullTests */ = {
			isa = PBXNativeTarget;
			buildConfigurationList = A0E5A2371DE8E93300ADD9C5 /* Build configuration list for PBXNativeTarget "WunderfullTests" */;
			buildPhases = (
				6F499168098B2C562C27257F /* [CP] Check Pods Manifest.lock */,
				A0E5A2271DE8E93300ADD9C5 /* Sources */,
				A0E5A2281DE8E93300ADD9C5 /* Frameworks */,
				A0E5A2291DE8E93300ADD9C5 /* Resources */,
				F8DB9B774672374C1E84B39D /* [CP] Embed Pods Frameworks */,
				1600ABF6777578AC348E5788 /* [CP] Copy Pods Resources */,
			);
			buildRules = (
			);
			dependencies = (
				A0E5A22D1DE8E93300ADD9C5 /* PBXTargetDependency */,
			);
			name = WunderfullTests;
			productName = WunderfullTests;
			productReference = A0E5A22B1DE8E93300ADD9C5 /* WunderfullTests.xctest */;
			productType = "com.apple.product-type.bundle.unit-test";
		};
/* End PBXNativeTarget section */

/* Begin PBXProject section */
		A0E5A20F1DE8E93300ADD9C5 /* Project object */ = {
			isa = PBXProject;
			attributes = {
				LastSwiftUpdateCheck = 0810;
				LastUpgradeCheck = 0810;
				ORGANIZATIONNAME = "Peter Pult";
				TargetAttributes = {
					A0E5A2161DE8E93300ADD9C5 = {
						CreatedOnToolsVersion = 8.1;
						LastSwiftMigration = 0810;
						ProvisioningStyle = Automatic;
					};
					A0E5A22A1DE8E93300ADD9C5 = {
						CreatedOnToolsVersion = 8.1;
						ProvisioningStyle = Automatic;
						TestTargetID = A0E5A2161DE8E93300ADD9C5;
					};
				};
			};
			buildConfigurationList = A0E5A2121DE8E93300ADD9C5 /* Build configuration list for PBXProject "Wunderfull" */;
			compatibilityVersion = "Xcode 3.2";
			developmentRegion = English;
			hasScannedForEncodings = 0;
			knownRegions = (
				en,
				Base,
			);
			mainGroup = A0E5A20E1DE8E93300ADD9C5;
			productRefGroup = A0E5A2181DE8E93300ADD9C5 /* Products */;
			projectDirPath = "";
			projectRoot = "";
			targets = (
				A0E5A2161DE8E93300ADD9C5 /* Wunderfull */,
				A0E5A22A1DE8E93300ADD9C5 /* WunderfullTests */,
			);
		};
/* End PBXProject section */

/* Begin PBXResourcesBuildPhase section */
		A0E5A2151DE8E93300ADD9C5 /* Resources */ = {
			isa = PBXResourcesBuildPhase;
			buildActionMask = 2147483647;
			files = (
				A0E5A2251DE8E93300ADD9C5 /* LaunchScreen.storyboard in Resources */,
				A0E5A2221DE8E93300ADD9C5 /* Assets.xcassets in Resources */,
				A0E5A2201DE8E93300ADD9C5 /* Main.storyboard in Resources */,
			);
			runOnlyForDeploymentPostprocessing = 0;
		};
		A0E5A2291DE8E93300ADD9C5 /* Resources */ = {
			isa = PBXResourcesBuildPhase;
			buildActionMask = 2147483647;
			files = (
			);
			runOnlyForDeploymentPostprocessing = 0;
		};
/* End PBXResourcesBuildPhase section */

/* Begin PBXShellScriptBuildPhase section */
		1600ABF6777578AC348E5788 /* [CP] Copy Pods Resources */ = {
			isa = PBXShellScriptBuildPhase;
			buildActionMask = 2147483647;
			files = (
			);
			inputPaths = (
			);
			name = "[CP] Copy Pods Resources";
			outputPaths = (
			);
			runOnlyForDeploymentPostprocessing = 0;
			shellPath = /bin/sh;
			shellScript = "\"${SRCROOT}/Pods/Target Support Files/Pods-WunderfullTests/Pods-WunderfullTests-resources.sh\"\n";
			showEnvVarsInLog = 0;
		};
		3267C8255AC8819158160D17 /* [CP] Copy Pods Resources */ = {
			isa = PBXShellScriptBuildPhase;
			buildActionMask = 2147483647;
			files = (
			);
			inputPaths = (
			);
			name = "[CP] Copy Pods Resources";
			outputPaths = (
			);
			runOnlyForDeploymentPostprocessing = 0;
			shellPath = /bin/sh;
			shellScript = "\"${SRCROOT}/Pods/Target Support Files/Pods-Wunderfull/Pods-Wunderfull-resources.sh\"\n";
			showEnvVarsInLog = 0;
		};
		3343CDFC393F487A2B2BC817 /* [CP] Check Pods Manifest.lock */ = {
			isa = PBXShellScriptBuildPhase;
			buildActionMask = 2147483647;
			files = (
			);
			inputPaths = (
			);
			name = "[CP] Check Pods Manifest.lock";
			outputPaths = (
			);
			runOnlyForDeploymentPostprocessing = 0;
			shellPath = /bin/sh;
			shellScript = "diff \"${PODS_ROOT}/../Podfile.lock\" \"${PODS_ROOT}/Manifest.lock\" > /dev/null\nif [ $? != 0 ] ; then\n    # print error to STDERR\n    echo \"error: The sandbox is not in sync with the Podfile.lock. Run 'pod install' or update your CocoaPods installation.\" >&2\n    exit 1\nfi\n";
			showEnvVarsInLog = 0;
		};
		6F499168098B2C562C27257F /* [CP] Check Pods Manifest.lock */ = {
			isa = PBXShellScriptBuildPhase;
			buildActionMask = 2147483647;
			files = (
			);
			inputPaths = (
			);
			name = "[CP] Check Pods Manifest.lock";
			outputPaths = (
			);
			runOnlyForDeploymentPostprocessing = 0;
			shellPath = /bin/sh;
			shellScript = "diff \"${PODS_ROOT}/../Podfile.lock\" \"${PODS_ROOT}/Manifest.lock\" > /dev/null\nif [ $? != 0 ] ; then\n    # print error to STDERR\n    echo \"error: The sandbox is not in sync with the Podfile.lock. Run 'pod install' or update your CocoaPods installation.\" >&2\n    exit 1\nfi\n";
			showEnvVarsInLog = 0;
		};
		70AD9DE42F4DA89AC26B48A3 /* [CP] Embed Pods Frameworks */ = {
			isa = PBXShellScriptBuildPhase;
			buildActionMask = 2147483647;
			files = (
			);
			inputPaths = (
			);
			name = "[CP] Embed Pods Frameworks";
			outputPaths = (
			);
			runOnlyForDeploymentPostprocessing = 0;
			shellPath = /bin/sh;
			shellScript = "\"${SRCROOT}/Pods/Target Support Files/Pods-Wunderfull/Pods-Wunderfull-frameworks.sh\"\n";
			showEnvVarsInLog = 0;
		};
		F8DB9B774672374C1E84B39D /* [CP] Embed Pods Frameworks */ = {
			isa = PBXShellScriptBuildPhase;
			buildActionMask = 2147483647;
			files = (
			);
			inputPaths = (
			);
			name = "[CP] Embed Pods Frameworks";
			outputPaths = (
			);
			runOnlyForDeploymentPostprocessing = 0;
			shellPath = /bin/sh;
			shellScript = "\"${SRCROOT}/Pods/Target Support Files/Pods-WunderfullTests/Pods-WunderfullTests-frameworks.sh\"\n";
			showEnvVarsInLog = 0;
		};
/* End PBXShellScriptBuildPhase section */

/* Begin PBXSourcesBuildPhase section */
		A0E5A2131DE8E93300ADD9C5 /* Sources */ = {
			isa = PBXSourcesBuildPhase;
			buildActionMask = 2147483647;
			files = (
				A0E5A24A1DE905B500ADD9C5 /* WunderAPI.swift in Sources */,
				A0E5A2401DE8EF4400ADD9C5 /* TabViewController.swift in Sources */,
				A0E5A2441DE9034C00ADD9C5 /* RealmStore.swift in Sources */,
				A0E5A2461DE903D600ADD9C5 /* Location.swift in Sources */,
				A0E5A2501DE91B0500ADD9C5 /* LocationMapViewController.swift in Sources */,
				A0E5A2481DE9058500ADD9C5 /* Coordinates.swift in Sources */,
				A0E5A2421DE8FC0200ADD9C5 /* TabViewBuilder.swift in Sources */,
				A0E5A24C1DE9068F00ADD9C5 /* LocationListViewController.swift in Sources */,
				A0E5A21B1DE8E93300ADD9C5 /* AppDelegate.swift in Sources */,
				A0E5A24E1DE916A900ADD9C5 /* LocationListTableViewCell.swift in Sources */,
			);
			runOnlyForDeploymentPostprocessing = 0;
		};
		A0E5A2271DE8E93300ADD9C5 /* Sources */ = {
			isa = PBXSourcesBuildPhase;
			buildActionMask = 2147483647;
			files = (
				A0E5A2301DE8E93300ADD9C5 /* LocationModelTest.swift in Sources */,
			);
			runOnlyForDeploymentPostprocessing = 0;
		};
/* End PBXSourcesBuildPhase section */

/* Begin PBXTargetDependency section */
		A0E5A22D1DE8E93300ADD9C5 /* PBXTargetDependency */ = {
			isa = PBXTargetDependency;
			target = A0E5A2161DE8E93300ADD9C5 /* Wunderfull */;
			targetProxy = A0E5A22C1DE8E93300ADD9C5 /* PBXContainerItemProxy */;
		};
/* End PBXTargetDependency section */

/* Begin PBXVariantGroup section */
		A0E5A21E1DE8E93300ADD9C5 /* Main.storyboard */ = {
			isa = PBXVariantGroup;
			children = (
				A0E5A21F1DE8E93300ADD9C5 /* Base */,
			);
			name = Main.storyboard;
			sourceTree = "<group>";
		};
		A0E5A2231DE8E93300ADD9C5 /* LaunchScreen.storyboard */ = {
			isa = PBXVariantGroup;
			children = (
				A0E5A2241DE8E93300ADD9C5 /* Base */,
			);
			name = LaunchScreen.storyboard;
			sourceTree = "<group>";
		};
/* End PBXVariantGroup section */

/* Begin XCBuildConfiguration section */
		A0E5A2321DE8E93300ADD9C5 /* Debug */ = {
			isa = XCBuildConfiguration;
			buildSettings = {
				ALWAYS_SEARCH_USER_PATHS = NO;
				CLANG_ANALYZER_NONNULL = YES;
				CLANG_CXX_LANGUAGE_STANDARD = "gnu++0x";
				CLANG_CXX_LIBRARY = "libc++";
				CLANG_ENABLE_MODULES = YES;
				CLANG_ENABLE_OBJC_ARC = YES;
				CLANG_WARN_BOOL_CONVERSION = YES;
				CLANG_WARN_CONSTANT_CONVERSION = YES;
				CLANG_WARN_DIRECT_OBJC_ISA_USAGE = YES_ERROR;
				CLANG_WARN_DOCUMENTATION_COMMENTS = YES;
				CLANG_WARN_EMPTY_BODY = YES;
				CLANG_WARN_ENUM_CONVERSION = YES;
				CLANG_WARN_INFINITE_RECURSION = YES;
				CLANG_WARN_INT_CONVERSION = YES;
				CLANG_WARN_OBJC_ROOT_CLASS = YES_ERROR;
				CLANG_WARN_SUSPICIOUS_MOVES = YES;
				CLANG_WARN_UNREACHABLE_CODE = YES;
				CLANG_WARN__DUPLICATE_METHOD_MATCH = YES;
				"CODE_SIGN_IDENTITY[sdk=iphoneos*]" = "iPhone Developer";
				COPY_PHASE_STRIP = NO;
				DEBUG_INFORMATION_FORMAT = dwarf;
				ENABLE_STRICT_OBJC_MSGSEND = YES;
				ENABLE_TESTABILITY = YES;
				GCC_C_LANGUAGE_STANDARD = gnu99;
				GCC_DYNAMIC_NO_PIC = NO;
				GCC_NO_COMMON_BLOCKS = YES;
				GCC_OPTIMIZATION_LEVEL = 0;
				GCC_PREPROCESSOR_DEFINITIONS = (
					"DEBUG=1",
					"$(inherited)",
				);
				GCC_WARN_64_TO_32_BIT_CONVERSION = YES;
				GCC_WARN_ABOUT_RETURN_TYPE = YES_ERROR;
				GCC_WARN_UNDECLARED_SELECTOR = YES;
				GCC_WARN_UNINITIALIZED_AUTOS = YES_AGGRESSIVE;
				GCC_WARN_UNUSED_FUNCTION = YES;
				GCC_WARN_UNUSED_VARIABLE = YES;
				IPHONEOS_DEPLOYMENT_TARGET = 10.1;
				MTL_ENABLE_DEBUG_INFO = YES;
				ONLY_ACTIVE_ARCH = YES;
				SDKROOT = iphoneos;
				SWIFT_ACTIVE_COMPILATION_CONDITIONS = DEBUG;
				SWIFT_OPTIMIZATION_LEVEL = "-Onone";
			};
			name = Debug;
		};
		A0E5A2331DE8E93300ADD9C5 /* Release */ = {
			isa = XCBuildConfiguration;
			buildSettings = {
				ALWAYS_SEARCH_USER_PATHS = NO;
				CLANG_ANALYZER_NONNULL = YES;
				CLANG_CXX_LANGUAGE_STANDARD = "gnu++0x";
				CLANG_CXX_LIBRARY = "libc++";
				CLANG_ENABLE_MODULES = YES;
				CLANG_ENABLE_OBJC_ARC = YES;
				CLANG_WARN_BOOL_CONVERSION = YES;
				CLANG_WARN_CONSTANT_CONVERSION = YES;
				CLANG_WARN_DIRECT_OBJC_ISA_USAGE = YES_ERROR;
				CLANG_WARN_DOCUMENTATION_COMMENTS = YES;
				CLANG_WARN_EMPTY_BODY = YES;
				CLANG_WARN_ENUM_CONVERSION = YES;
				CLANG_WARN_INFINITE_RECURSION = YES;
				CLANG_WARN_INT_CONVERSION = YES;
				CLANG_WARN_OBJC_ROOT_CLASS = YES_ERROR;
				CLANG_WARN_SUSPICIOUS_MOVES = YES;
				CLANG_WARN_UNREACHABLE_CODE = YES;
				CLANG_WARN__DUPLICATE_METHOD_MATCH = YES;
				"CODE_SIGN_IDENTITY[sdk=iphoneos*]" = "iPhone Developer";
				COPY_PHASE_STRIP = NO;
				DEBUG_INFORMATION_FORMAT = "dwarf-with-dsym";
				ENABLE_NS_ASSERTIONS = NO;
				ENABLE_STRICT_OBJC_MSGSEND = YES;
				GCC_C_LANGUAGE_STANDARD = gnu99;
				GCC_NO_COMMON_BLOCKS = YES;
				GCC_WARN_64_TO_32_BIT_CONVERSION = YES;
				GCC_WARN_ABOUT_RETURN_TYPE = YES_ERROR;
				GCC_WARN_UNDECLARED_SELECTOR = YES;
				GCC_WARN_UNINITIALIZED_AUTOS = YES_AGGRESSIVE;
				GCC_WARN_UNUSED_FUNCTION = YES;
				GCC_WARN_UNUSED_VARIABLE = YES;
				IPHONEOS_DEPLOYMENT_TARGET = 10.1;
				MTL_ENABLE_DEBUG_INFO = NO;
				SDKROOT = iphoneos;
				SWIFT_OPTIMIZATION_LEVEL = "-Owholemodule";
				VALIDATE_PRODUCT = YES;
			};
			name = Release;
		};
		A0E5A2351DE8E93300ADD9C5 /* Debug */ = {
			isa = XCBuildConfiguration;
			baseConfigurationReference = 924CB25409AB96B145E7F70E /* Pods-Wunderfull.debug.xcconfig */;
			buildSettings = {
				ASSETCATALOG_COMPILER_APPICON_NAME = AppIcon;
				CLANG_ENABLE_MODULES = YES;
				INFOPLIST_FILE = Wunderfull/Info.plist;
				LD_RUNPATH_SEARCH_PATHS = "$(inherited) @executable_path/Frameworks";
				PRODUCT_BUNDLE_IDENTIFIER = co.limfinity.ios.Wunderfull;
				PRODUCT_NAME = "$(TARGET_NAME)";
				SWIFT_OBJC_BRIDGING_HEADER = "Wunderfull/Wunderfull-Bridging-Header.h";
				SWIFT_OPTIMIZATION_LEVEL = "-Onone";
				SWIFT_VERSION = 3.0;
			};
			name = Debug;
		};
		A0E5A2361DE8E93300ADD9C5 /* Release */ = {
			isa = XCBuildConfiguration;
			baseConfigurationReference = 3B4C053E2D0B45726AD9723F /* Pods-Wunderfull.release.xcconfig */;
			buildSettings = {
				ASSETCATALOG_COMPILER_APPICON_NAME = AppIcon;
				CLANG_ENABLE_MODULES = YES;
				INFOPLIST_FILE = Wunderfull/Info.plist;
				LD_RUNPATH_SEARCH_PATHS = "$(inherited) @executable_path/Frameworks";
				PRODUCT_BUNDLE_IDENTIFIER = co.limfinity.ios.Wunderfull;
				PRODUCT_NAME = "$(TARGET_NAME)";
				SWIFT_OBJC_BRIDGING_HEADER = "Wunderfull/Wunderfull-Bridging-Header.h";
				SWIFT_VERSION = 3.0;
			};
			name = Release;
		};
		A0E5A2381DE8E93300ADD9C5 /* Debug */ = {
			isa = XCBuildConfiguration;
			baseConfigurationReference = 9C6FAF66C9E18E761A452817 /* Pods-WunderfullTests.debug.xcconfig */;
			buildSettings = {
				ALWAYS_EMBED_SWIFT_STANDARD_LIBRARIES = YES;
				BUNDLE_LOADER = "$(TEST_HOST)";
				INFOPLIST_FILE = WunderfullTests/Info.plist;
				LD_RUNPATH_SEARCH_PATHS = "$(inherited) @executable_path/Frameworks @loader_path/Frameworks";
				PRODUCT_BUNDLE_IDENTIFIER = co.limfinity.ios.WunderfullTests;
				PRODUCT_NAME = "$(TARGET_NAME)";
				SWIFT_VERSION = 3.0;
				TEST_HOST = "$(BUILT_PRODUCTS_DIR)/Wunderfull.app/Wunderfull";
			};
			name = Debug;
		};
		A0E5A2391DE8E93300ADD9C5 /* Release */ = {
			isa = XCBuildConfiguration;
			baseConfigurationReference = 55202F898D8843763E9F6DE2 /* Pods-WunderfullTests.release.xcconfig */;
			buildSettings = {
				ALWAYS_EMBED_SWIFT_STANDARD_LIBRARIES = YES;
				BUNDLE_LOADER = "$(TEST_HOST)";
				INFOPLIST_FILE = WunderfullTests/Info.plist;
				LD_RUNPATH_SEARCH_PATHS = "$(inherited) @executable_path/Frameworks @loader_path/Frameworks";
				PRODUCT_BUNDLE_IDENTIFIER = co.limfinity.ios.WunderfullTests;
				PRODUCT_NAME = "$(TARGET_NAME)";
				SWIFT_VERSION = 3.0;
				TEST_HOST = "$(BUILT_PRODUCTS_DIR)/Wunderfull.app/Wunderfull";
			};
			name = Release;
		};
/* End XCBuildConfiguration section */

/* Begin XCConfigurationList section */
		A0E5A2121DE8E93300ADD9C5 /* Build configuration list for PBXProject "Wunderfull" */ = {
			isa = XCConfigurationList;
			buildConfigurations = (
				A0E5A2321DE8E93300ADD9C5 /* Debug */,
				A0E5A2331DE8E93300ADD9C5 /* Release */,
			);
			defaultConfigurationIsVisible = 0;
			defaultConfigurationName = Release;
		};
		A0E5A2341DE8E93300ADD9C5 /* Build configuration list for PBXNativeTarget "Wunderfull" */ = {
			isa = XCConfigurationList;
			buildConfigurations = (
				A0E5A2351DE8E93300ADD9C5 /* Debug */,
				A0E5A2361DE8E93300ADD9C5 /* Release */,
			);
			defaultConfigurationIsVisible = 0;
			defaultConfigurationName = Release;
		};
		A0E5A2371DE8E93300ADD9C5 /* Build configuration list for PBXNativeTarget "WunderfullTests" */ = {
			isa = XCConfigurationList;
			buildConfigurations = (
				A0E5A2381DE8E93300ADD9C5 /* Debug */,
				A0E5A2391DE8E93300ADD9C5 /* Release */,
			);
			defaultConfigurationIsVisible = 0;
			defaultConfigurationName = Release;
		};
/* End XCConfigurationList section */
	};
	rootObject = A0E5A20F1DE8E93300ADD9C5 /* Project object */;
}
